
Microsoft Visual Studio Solution File, Format Version 12.00
# Visual Studio Version 17
VisualStudioVersion = 17.14.36518.9 d17.14
MinimumVisualStudioVersion = 10.0.40219.1
Project("{FAE04EC0-301F-11D3-BF4B-00C04F79EFBC}") = "ClinicaVeterinaraAPI", "ClinicaVeterinaraAPI.csproj", "{DD18A306-2F29-4986-A018-2C82C64221CE}"
EndProject
Project("{FAE04EC0-301F-11D3-BF4B-00C04F79EFBC}") = "ClinicaVeterinaraP2", "..\ClinicaVeterinaraP2\ClinicaVeterinaraP2.csproj", "{116CCA32-4552-4BF6-9447-EE6BAECB3CE5}"
EndProject
Global
	GlobalSection(SolutionConfigurationPlatforms) = preSolution
		Debug|Any CPU = Debug|Any CPU
		Release|Any CPU = Release|Any CPU
	EndGlobalSection
	GlobalSection(ProjectConfigurationPlatforms) = postSolution
		{DD18A306-2F29-4986-A018-2C82C64221CE}.Debug|Any CPU.ActiveCfg = Debug|Any CPU
		{DD18A306-2F29-4986-A018-2C82C64221CE}.Debug|Any CPU.Build.0 = Debug|Any CPU
		{DD18A306-2F29-4986-A018-2C82C64221CE}.Release|Any CPU.ActiveCfg = Release|Any CPU
		{DD18A306-2F29-4986-A018-2C82C64221CE}.Release|Any CPU.Build.0 = Release|Any CPU
		{116CCA32-4552-4BF6-9447-EE6BAECB3CE5}.Debug|Any CPU.ActiveCfg = Debug|Any CPU
		{116CCA32-4552-4BF6-9447-EE6BAECB3CE5}.Debug|Any CPU.Build.0 = Debug|Any CPU
		{116CCA32-4552-4BF6-9447-EE6BAECB3CE5}.Release|Any CPU.ActiveCfg = Release|Any CPU
		{116CCA32-4552-4BF6-9447-EE6BAECB3CE5}.Release|Any CPU.Build.0 = Release|Any CPU
	EndGlobalSection
	GlobalSection(SolutionProperties) = preSolution
		HideSolutionNode = FALSE
	EndGlobalSection
	GlobalSection(ExtensibilityGlobals) = postSolution
		SolutionGuid = {E093A41D-34A3-47EF-8562-FDED9DCFDEC5}
	EndGlobalSection
EndGlobal
